# This file is generated by running "yarn install" inside your project.
# Manual changes might be lost - proceed with caution!

__metadata:
  version: 8
  cacheKey: 10c0

"@oxfmt/darwin-arm64@npm:0.24.0":
  version: 0.24.0
  resolution: "@oxfmt/darwin-arm64@npm:0.24.0"
  conditions: os=darwin & cpu=arm64
  languageName: node
  linkType: hard

"@oxfmt/darwin-x64@npm:0.24.0":
  version: 0.24.0
  resolution: "@oxfmt/darwin-x64@npm:0.24.0"
  conditions: os=darwin & cpu=x64
  languageName: node
  linkType: hard

"@oxfmt/linux-arm64-gnu@npm:0.24.0":
  version: 0.24.0
  resolution: "@oxfmt/linux-arm64-gnu@npm:0.24.0"
  conditions: os=linux & cpu=arm64 & libc=glibc
  languageName: node
  linkType: hard

"@oxfmt/linux-arm64-musl@npm:0.24.0":
  version: 0.24.0
  resolution: "@oxfmt/linux-arm64-musl@npm:0.24.0"
  conditions: os=linux & cpu=arm64 & libc=musl
  languageName: node
  linkType: hard

"@oxfmt/linux-x64-gnu@npm:0.24.0":
  version: 0.24.0
  resolution: "@oxfmt/linux-x64-gnu@npm:0.24.0"
  conditions: os=linux & cpu=x64 & libc=glibc
  languageName: node
  linkType: hard

"@oxfmt/linux-x64-musl@npm:0.24.0":
  version: 0.24.0
  resolution: "@oxfmt/linux-x64-musl@npm:0.24.0"
  conditions: os=linux & cpu=x64 & libc=musl
  languageName: node
  linkType: hard

"@oxfmt/win32-arm64@npm:0.24.0":
  version: 0.24.0
  resolution: "@oxfmt/win32-arm64@npm:0.24.0"
  conditions: os=win32 & cpu=arm64
  languageName: node
  linkType: hard

"@oxfmt/win32-x64@npm:0.24.0":
  version: 0.24.0
  resolution: "@oxfmt/win32-x64@npm:0.24.0"
  conditions: os=win32 & cpu=x64
  languageName: node
  linkType: hard

"@oxlint/darwin-arm64@npm:1.43.0":
  version: 1.43.0
  resolution: "@oxlint/darwin-arm64@npm:1.43.0"
  conditions: os=darwin & cpu=arm64
  languageName: node
  linkType: hard

"@oxlint/darwin-x64@npm:1.43.0":
  version: 1.43.0
  resolution: "@oxlint/darwin-x64@npm:1.43.0"
  conditions: os=darwin & cpu=x64
  languageName: node
  linkType: hard

"@oxlint/linux-arm64-gnu@npm:1.43.0":
  version: 1.43.0
  resolution: "@oxlint/linux-arm64-gnu@npm:1.43.0"
  conditions: os=linux & cpu=arm64 & libc=glibc
  languageName: node
  linkType: hard

"@oxlint/linux-arm64-musl@npm:1.43.0":
  version: 1.43.0
  resolution: "@oxlint/linux-arm64-musl@npm:1.43.0"
  conditions: os=linux & cpu=arm64 & libc=musl
  languageName: node
  linkType: hard

"@oxlint/linux-x64-gnu@npm:1.43.0":
  version: 1.43.0
  resolution: "@oxlint/linux-x64-gnu@npm:1.43.0"
  conditions: os=linux & cpu=x64 & libc=glibc
  languageName: node
  linkType: hard

"@oxlint/linux-x64-musl@npm:1.43.0":
  version: 1.43.0
  resolution: "@oxlint/linux-x64-musl@npm:1.43.0"
  conditions: os=linux & cpu=x64 & libc=musl
  languageName: node
  linkType: hard

"@oxlint/win32-arm64@npm:1.43.0":
  version: 1.43.0
  resolution: "@oxlint/win32-arm64@npm:1.43.0"
  conditions: os=win32 & cpu=arm64
  languageName: node
  linkType: hard

"@oxlint/win32-x64@npm:1.43.0":
  version: 1.43.0
  resolution: "@oxlint/win32-x64@npm:1.43.0"
  conditions: os=win32 & cpu=x64
  languageName: node
  linkType: hard

"globals@npm:^16.5.0":
  version: 16.5.0
  resolution: "globals@npm:16.5.0"
  checksum: 10c0/615241dae7851c8012f5aa0223005b1ed6607713d6813de0741768bd4ddc39353117648f1a7086b4b0fa45eae733f1c0a0fe369aa4e543bb63f8de8990178ea9
  languageName: node
  linkType: hard

"macpro-mdct-tools@workspace:.":
  version: 0.0.0-use.local
  resolution: "macpro-mdct-tools@workspace:."
  dependencies:
    globals: "npm:^16.5.0"
    oxfmt: "npm:^0.24.0"
    oxlint: "npm:^1.41.0"
    typescript: "npm:^5.7.2"
  languageName: unknown
  linkType: soft

"oxfmt@npm:^0.24.0":
  version: 0.24.0
  resolution: "oxfmt@npm:0.24.0"
  dependencies:
    "@oxfmt/darwin-arm64": "npm:0.24.0"
    "@oxfmt/darwin-x64": "npm:0.24.0"
    "@oxfmt/linux-arm64-gnu": "npm:0.24.0"
    "@oxfmt/linux-arm64-musl": "npm:0.24.0"
    "@oxfmt/linux-x64-gnu": "npm:0.24.0"
    "@oxfmt/linux-x64-musl": "npm:0.24.0"
    "@oxfmt/win32-arm64": "npm:0.24.0"
    "@oxfmt/win32-x64": "npm:0.24.0"
    tinypool: "npm:2.0.0"
  dependenciesMeta:
    "@oxfmt/darwin-arm64":
      optional: true
    "@oxfmt/darwin-x64":
      optional: true
    "@oxfmt/linux-arm64-gnu":
      optional: true
    "@oxfmt/linux-arm64-musl":
      optional: true
    "@oxfmt/linux-x64-gnu":
      optional: true
    "@oxfmt/linux-x64-musl":
      optional: true
    "@oxfmt/win32-arm64":
      optional: true
    "@oxfmt/win32-x64":
      optional: true
  bin:
    oxfmt: bin/oxfmt
  checksum: 10c0/5d10057f7f59ba6137759df52c633ad16f92735974c4852d9c785b418fad0076021bfe21a29d7acfe631c6269d88415f4c27bfbb440086f2ce145ec44b7bb5d9
  languageName: node
  linkType: hard

"oxlint@npm:^1.41.0":
  version: 1.43.0
  resolution: "oxlint@npm:1.43.0"
  dependencies:
    "@oxlint/darwin-arm64": "npm:1.43.0"
    "@oxlint/darwin-x64": "npm:1.43.0"
    "@oxlint/linux-arm64-gnu": "npm:1.43.0"
    "@oxlint/linux-arm64-musl": "npm:1.43.0"
    "@oxlint/linux-x64-gnu": "npm:1.43.0"
    "@oxlint/linux-x64-musl": "npm:1.43.0"
    "@oxlint/win32-arm64": "npm:1.43.0"
    "@oxlint/win32-x64": "npm:1.43.0"
  peerDependencies:
    oxlint-tsgolint: ">=0.11.2"
  dependenciesMeta:
    "@oxlint/darwin-arm64":
      optional: true
    "@oxlint/darwin-x64":
      optional: true
    "@oxlint/linux-arm64-gnu":
      optional: true
    "@oxlint/linux-arm64-musl":
      optional: true
    "@oxlint/linux-x64-gnu":
      optional: true
    "@oxlint/linux-x64-musl":
      optional: true
    "@oxlint/win32-arm64":
      optional: true
    "@oxlint/win32-x64":
      optional: true
  peerDependenciesMeta:
    oxlint-tsgolint:
      optional: true
  bin:
    oxlint: bin/oxlint
  checksum: 10c0/ca7415bdace08faf9cad7ad3c715e8a03f6e2151d1ce784a52a18427fb482457a41ea4175cc1816be19ff8e3aa4e9e6fdab5ec9e5eef4070e4755b5b1418b1c1
  languageName: node
  linkType: hard

"tinypool@npm:2.0.0":
  version: 2.0.0
  resolution: "tinypool@npm:2.0.0"
  checksum: 10c0/3888cc668cdbb1bc85e1b58587897501254ffc5de52cf4e0d30936869922a4eaf2f085ce10562122df3eb7536cbf3d29ecc2faba37656933649d1d2f5bc9bff7
  languageName: node
  linkType: hard

"typescript@npm:^5.7.2":
  version: 5.9.3
  resolution: "typescript@npm:5.9.3"
  bin:
    tsc: bin/tsc
    tsserver: bin/tsserver
  checksum: 10c0/6bd7552ce39f97e711db5aa048f6f9995b53f1c52f7d8667c1abdc1700c68a76a308f579cd309ce6b53646deb4e9a1be7c813a93baaf0a28ccd536a30270e1c5
  languageName: node
  linkType: hard

"typescript@patch:typescript@npm%3A^5.7.2#optional!builtin<compat/typescript>":
  version: 5.9.3
  resolution: "typescript@patch:typescript@npm%3A5.9.3#optional!builtin<compat/typescript>::version=5.9.3&hash=5786d5"
  bin:
    tsc: bin/tsc
    tsserver: bin/tsserver
  checksum: 10c0/ad09fdf7a756814dce65bc60c1657b40d44451346858eea230e10f2e95a289d9183b6e32e5c11e95acc0ccc214b4f36289dcad4bf1886b0adb84d711d336a430
  languageName: node
  linkType: hard
